
Microsoft Visual Studio Solution File, Format Version 12.00
# Visual Studio 14
VisualStudioVersion = 14.0.25420.1
MinimumVisualStudioVersion = 10.0.40219.1
Project("{FAE04EC0-301F-11D3-BF4B-00C04F79EFBC}") = "SoftUni", "SoftUni\SoftUni.csproj", "{9C5D70E1-0569-41E2-AE78-43BE366A08D1}"
EndProject
Project("{FAE04EC0-301F-11D3-BF4B-00C04F79EFBC}") = "Expression", "Expression\Expression.csproj", "{D703C6B3-CFD7-4E0B-B3F3-CAFF1BD8A64D}"
EndProject
Project("{FAE04EC0-301F-11D3-BF4B-00C04F79EFBC}") = "NumbersTo20", "NumbersTo20\NumbersTo20.csproj", "{D192163F-6971-47B2-9704-559129BA1933}"
EndProject
Project("{FAE04EC0-301F-11D3-BF4B-00C04F79EFBC}") = "TriangleStars", "TriangleStars\TriangleStars.csproj", "{43A2C9AC-2B5C-47EC-B445-0D5389C79436}"
EndProject
Project("{FAE04EC0-301F-11D3-BF4B-00C04F79EFBC}") = "area", "area\area.csproj", "{D9A33012-DCDD-46EF-9805-93CA64DCEE1C}"
EndProject
Project("{FAE04EC0-301F-11D3-BF4B-00C04F79EFBC}") = "StarSquare", "StarSquare\StarSquare.csproj", "{A075AE0B-EF1F-481D-BF0E-AA7AEFC6C7B4}"
EndProject
Project("{FAE04EC0-301F-11D3-BF4B-00C04F79EFBC}") = "OHearth", "OHearth\OHearth.csproj", "{4C9746A4-98DF-4DFC-A923-2AFFB9257EA0}"
EndProject
Project("{FAE04EC0-301F-11D3-BF4B-00C04F79EFBC}") = "MarketingFirm02", "MarketingFirm02\MarketingFirm02.csproj", "{A62B748C-16BE-4DD9-9FF3-13EEC8BCFF84}"
EndProject
Project("{FAE04EC0-301F-11D3-BF4B-00C04F79EFBC}") = "ChangeVariables02", "ChangeVariables02\ChangeVariables02.csproj", "{B4343818-4534-478E-A0EA-5AD7EDC9BD2F}"
EndProject
Project("{FAE04EC0-301F-11D3-BF4B-00C04F79EFBC}") = "EvenNumber03", "EvenNumber03\EvenNumber03.csproj", "{7E43110E-FC1A-48F2-B6C0-B03329751BD9}"
EndProject
Project("{FAE04EC0-301F-11D3-BF4B-00C04F79EFBC}") = "Divide7and5_03", "Divide7and5_03\Divide7and5_03.csproj", "{027447A7-2E09-45A6-B17F-BF1E169B68BB}"
EndProject
Project("{FAE04EC0-301F-11D3-BF4B-00C04F79EFBC}") = "isThird7_03", "isThird7_03\isThird7_03.csproj", "{FF58405F-B760-441C-886C-E605DC34BC5E}"
EndProject
Project("{FAE04EC0-301F-11D3-BF4B-00C04F79EFBC}") = "ThirdByte1or0_03", "ThirdByte1or0_03\ThirdByte1or0_03.csproj", "{3649B315-B133-4242-86B3-B5EBEA9DFA66}"
EndProject
Project("{FAE04EC0-301F-11D3-BF4B-00C04F79EFBC}") = "TrapezeArea_03", "TrapezeArea_03\TrapezeArea_03.csproj", "{33C7D171-2A55-45EA-95C8-A005D0EEAADF}"
EndProject
Project("{FAE04EC0-301F-11D3-BF4B-00C04F79EFBC}") = "RectangleArea_03", "RectangleArea_03\RectangleArea_03.csproj", "{163F54E6-7290-448E-AED5-BDD8F474DB82}"
EndProject
Project("{FAE04EC0-301F-11D3-BF4B-00C04F79EFBC}") = "MoonWeight_03", "MoonWeight_03\MoonWeight_03.csproj", "{0F78438B-956C-470F-B405-3F2BDABEEE96}"
EndProject
Project("{FAE04EC0-301F-11D3-BF4B-00C04F79EFBC}") = "DigitStuf_03", "DigitStuf_03\DigitStuf_03.csproj", "{8DAFF3F6-6004-4EFC-ABE7-F68D433C72FA}"
EndProject
Project("{FAE04EC0-301F-11D3-BF4B-00C04F79EFBC}") = "RectangleCircleDot", "RectangleCircleDot\RectangleCircleDot.csproj", "{0786AD19-140C-419B-9F64-957DBEFCDA50}"
EndProject
Project("{FAE04EC0-301F-11D3-BF4B-00C04F79EFBC}") = "ByteNbyP_03", "ByteNbyP_03\ByteNbyP_03.csproj", "{22491090-FA5A-4601-9A8B-C4964609462D}"
EndProject
Project("{FAE04EC0-301F-11D3-BF4B-00C04F79EFBC}") = "PbyteOfV_03", "PbyteOfV_03\PbyteOfV_03.csproj", "{7DA006A2-C7C0-42F7-8E8E-3FBCB974E1C9}"
EndProject
Project("{FAE04EC0-301F-11D3-BF4B-00C04F79EFBC}") = "13ByteStuff_03", "13ByteStuff_03\13ByteStuff_03.csproj", "{E9771776-402C-4068-A53B-97DDD40CED9E}"
EndProject
Project("{FAE04EC0-301F-11D3-BF4B-00C04F79EFBC}") = "PrimeNumber_03", "PrimeNumber_03\PrimeNumber_03.csproj", "{F3C8246C-0E91-436F-83FE-EB846209D0BA}"
EndProject
Project("{FAE04EC0-301F-11D3-BF4B-00C04F79EFBC}") = "ByteChange", "ByteChange\ByteChange.csproj", "{D64A04F7-56FD-4BB2-9D2A-907D8E9F1890}"
EndProject
Project("{FAE04EC0-301F-11D3-BF4B-00C04F79EFBC}") = "BlankPractice", "BlankPractice\BlankPractice.csproj", "{E1F95DAD-7A29-48EB-8F97-FF217654256E}"
EndProject
Project("{FAE04EC0-301F-11D3-BF4B-00C04F79EFBC}") = "1000DaysAfterBirth", "1000DaysAfterBirth\1000DaysAfterBirth.csproj", "{17041B38-2AFE-4E7E-BF63-9E955B0EB6BF}"
EndProject
Project("{FAE04EC0-301F-11D3-BF4B-00C04F79EFBC}") = "Sudoku", "Sudoku\Sudoku.csproj", "{6000B2E6-BBF2-44A2-92E2-A2C9A71EBDF6}"
EndProject
Project("{FAE04EC0-301F-11D3-BF4B-00C04F79EFBC}") = "Practice", "Practice\Practice.csproj", "{E00BE2D1-37E4-47E9-8270-9B2C2B74E3CA}"
EndProject
Project("{FAE04EC0-301F-11D3-BF4B-00C04F79EFBC}") = "Excellent-Grade", "Excellent-Grade\Excellent-Grade.csproj", "{767D9EC9-5981-4E39-8385-047D3400F125}"
EndProject
Project("{FAE04EC0-301F-11D3-BF4B-00C04F79EFBC}") = "ExcellentOrNot", "ExcellentOrNot\ExcellentOrNot.csproj", "{DA917412-D8FC-44C9-BC68-764BD97D84BD}"
EndProject
Project("{FAE04EC0-301F-11D3-BF4B-00C04F79EFBC}") = "EvenNumbers", "EvenNumbers\EvenNumbers.csproj", "{80612274-763C-43A5-B079-2777957EAC9D}"
EndProject
Project("{FAE04EC0-301F-11D3-BF4B-00C04F79EFBC}") = "BonusPoints", "BonusPoints\BonusPoints.csproj", "{2F8D3092-0F1A-447A-9DAF-76C8E8AB6E9A}"
EndProject
Project("{FAE04EC0-301F-11D3-BF4B-00C04F79EFBC}") = "SecSum", "SecSum\SecSum.csproj", "{A69C8AF1-53F0-40C8-8C41-C376841315D0}"
EndProject
Project("{FAE04EC0-301F-11D3-BF4B-00C04F79EFBC}") = "MetricConverter", "MetricConverter\MetricConverter.csproj", "{156891F7-7D89-4B98-A8E4-9B96B6A6E5C8}"
EndProject
Project("{FAE04EC0-301F-11D3-BF4B-00C04F79EFBC}") = "PasswordGuess", "PasswordGuess\PasswordGuess.csproj", "{5DB9C3DE-B9FE-4621-BA2E-B918403EA5F3}"
EndProject
Project("{FAE04EC0-301F-11D3-BF4B-00C04F79EFBC}") = "From100to200", "From100to200\From100to200.csproj", "{319837C3-70E1-43E8-B07E-16E19F8C451D}"
EndProject
Project("{FAE04EC0-301F-11D3-BF4B-00C04F79EFBC}") = "EqualWords", "EqualWords\EqualWords.csproj", "{127C4962-C0A6-4E09-B84F-0182C25D44C9}"
EndProject
Project("{FAE04EC0-301F-11D3-BF4B-00C04F79EFBC}") = "SpeedInfo", "SpeedInfo\SpeedInfo.csproj", "{C755D280-48C9-4786-B8EA-7CD9E5C2115D}"
EndProject
Project("{FAE04EC0-301F-11D3-BF4B-00C04F79EFBC}") = "FigureArea", "FigureArea\FigureArea.csproj", "{6EBAF822-1462-4767-B0EB-B51013558DC1}"
EndProject
Project("{FAE04EC0-301F-11D3-BF4B-00C04F79EFBC}") = "Time15min", "Time15min\Time15min.csproj", "{FA29C723-E0F4-41DE-A84B-060034DB77C6}"
EndProject
Project("{FAE04EC0-301F-11D3-BF4B-00C04F79EFBC}") = "3equalNumbers", "3equalNumbers\3equalNumbers.csproj", "{2695D8CC-BBA2-4DA4-BB0F-4120C04C3FC8}"
EndProject
Project("{FAE04EC0-301F-11D3-BF4B-00C04F79EFBC}") = "NumberInWords", "NumberInWords\NumberInWords.csproj", "{D5FF4D63-D473-46DF-BE81-157B7B8542D2}"
EndProject
Project("{FAE04EC0-301F-11D3-BF4B-00C04F79EFBC}") = "QuadraticEquation", "QuadraticEquation\QuadraticEquation.csproj", "{D87E2823-E18A-4271-B1C2-59563721907A}"
EndProject
Project("{FAE04EC0-301F-11D3-BF4B-00C04F79EFBC}") = "Sum0of5", "Sum0of5\Sum0of5.csproj", "{E9698F44-8F91-4A97-A2C3-F71321A5F72D}"
EndProject
Project("{FAE04EC0-301F-11D3-BF4B-00C04F79EFBC}") = "ClasRoom", "ClasRoom\ClasRoom.csproj", "{EA311E4F-B47A-447C-9FD0-6A8194BEBCE6}"
EndProject
Project("{FAE04EC0-301F-11D3-BF4B-00C04F79EFBC}") = "VegetablesPriceS", "VegetablesPriceS\VegetablesPriceS.csproj", "{70F49699-8963-406B-9855-5D39797F15F2}"
EndProject
Project("{FAE04EC0-301F-11D3-BF4B-00C04F79EFBC}") = "PlatesProblem", "PlatesProblem\PlatesProblem.csproj", "{5120F8BF-233B-47E4-8ABD-6496A8127B2F}"
EndProject
Project("{FAE04EC0-301F-11D3-BF4B-00C04F79EFBC}") = "Money", "Money\Money.csproj", "{9937AF1D-8A12-4462-9FD3-403C73A4015F}"
EndProject
Project("{FAE04EC0-301F-11D3-BF4B-00C04F79EFBC}") = "PracticeStuff", "PracticeStuff\PracticeStuff.csproj", "{21EC7B8D-CFD2-4E58-AA50-43D88C42712A}"
EndProject
Project("{FAE04EC0-301F-11D3-BF4B-00C04F79EFBC}") = "DailyEarning", "DailyEarning\DailyEarning.csproj", "{B4281045-5708-4A82-975D-EAB2AC890D0E}"
EndProject
Project("{FAE04EC0-301F-11D3-BF4B-00C04F79EFBC}") = "SleepyTom", "SleepyTom\SleepyTom.csproj", "{18B8D3EB-80E5-4365-BCEB-E41569E7ED8F}"
EndProject
Project("{FAE04EC0-301F-11D3-BF4B-00C04F79EFBC}") = "Operations", "Operations\Operations.csproj", "{A392393C-84A4-45E8-B55C-5EBE4095C4AE}"
EndProject
Project("{FAE04EC0-301F-11D3-BF4B-00C04F79EFBC}") = "SmartLilly", "SmartLilly\SmartLilly.csproj", "{860BCBED-81AF-425E-8918-46C2364985F9}"
EndProject
Project("{FAE04EC0-301F-11D3-BF4B-00C04F79EFBC}") = "Stop", "Stop\Stop.csproj", "{0500EAE0-93B8-48A7-8DEF-01F4C0CBB017}"
EndProject
Project("{FAE04EC0-301F-11D3-BF4B-00C04F79EFBC}") = "TriangleXy", "TriangleXy\TriangleXy.csproj", "{E789A543-69D8-44A3-99E0-2D8D9727DA25}"
EndProject
Project("{FAE04EC0-301F-11D3-BF4B-00C04F79EFBC}") = "Bricks", "Bricks\Bricks.csproj", "{23664BD1-98A4-4D87-A3E5-7834CBAB03DC}"
EndProject
Project("{FAE04EC0-301F-11D3-BF4B-00C04F79EFBC}") = "PointOnSegment", "PointOnSegment\PointOnSegment.csproj", "{F072DCB3-0AC3-47F2-BCE6-3633824847F4}"
EndProject
Project("{FAE04EC0-301F-11D3-BF4B-00C04F79EFBC}") = "PointOnFigure", "PointOnFigure\PointOnFigure.csproj", "{0B322182-9F5B-4338-A61C-F27790E93FEF}"
EndProject
Project("{FAE04EC0-301F-11D3-BF4B-00C04F79EFBC}") = "FigureTry", "FigureTry\FigureTry.csproj", "{F011E50A-3D8D-49B1-B767-CEADC7275F36}"
EndProject
Project("{FAE04EC0-301F-11D3-BF4B-00C04F79EFBC}") = "DateAfter 5 days", "DateAfter 5 days\DateAfter 5 days.csproj", "{DF0817B5-2FD0-4EC0-8FC4-46DD76A968BB}"
EndProject
Project("{FAE04EC0-301F-11D3-BF4B-00C04F79EFBC}") = "Sum3Numbers", "Sum3Numbers\Sum3Numbers.csproj", "{15A0CA41-C9B3-4192-88D8-D5D81D572E49}"
EndProject
Project("{FAE04EC0-301F-11D3-BF4B-00C04F79EFBC}") = "SumOver3", "SumOver3\SumOver3.csproj", "{E31B1B01-4282-46C2-972E-32DE1AEFDA8F}"
EndProject
Project("{FAE04EC0-301F-11D3-BF4B-00C04F79EFBC}") = "IncreasingElements", "IncreasingElements\IncreasingElements.csproj", "{8FA8955D-E966-48F5-9710-0ADD8D789D1E}"
EndProject
Project("{FAE04EC0-301F-11D3-BF4B-00C04F79EFBC}") = "Test", "Test\Test.csproj", "{23A65BFB-80DC-487E-91EA-9C0BFA0A1129}"
EndProject
Project("{FAE04EC0-301F-11D3-BF4B-00C04F79EFBC}") = "PerfectDiamond", "PerfectDiamond\PerfectDiamond.csproj", "{101F5133-F3F8-4F2C-A2EB-E02B2336798E}"
EndProject
Project("{FAE04EC0-301F-11D3-BF4B-00C04F79EFBC}") = "RectangleWithStars", "RectangleWithStars\RectangleWithStars.csproj", "{03C1E862-CA1A-418E-99E3-DD9C35A096C9}"
EndProject
Project("{FAE04EC0-301F-11D3-BF4B-00C04F79EFBC}") = "GenerateRectangles", "GenerateRectangles\GenerateRectangles.csproj", "{6E5C83EB-DDA0-4B70-A635-710CD7A1CEC5}"
EndProject
Project("{FAE04EC0-301F-11D3-BF4B-00C04F79EFBC}") = "Increasing4Numbers", "Increasing4Numbers\Increasing4Numbers.csproj", "{E164AE97-17A5-402D-9B96-8DB2605AEF92}"
EndProject
Project("{FAE04EC0-301F-11D3-BF4B-00C04F79EFBC}") = "TrainingLab", "TrainingLab\TrainingLab.csproj", "{E678886D-6595-494E-A64B-CE1DB1691A54}"
EndProject
Project("{FAE04EC0-301F-11D3-BF4B-00C04F79EFBC}") = "TransportPrice", "TransportPrice\TransportPrice.csproj", "{29816853-0099-457E-867E-2F1290130D2C}"
EndProject
Project("{FAE04EC0-301F-11D3-BF4B-00C04F79EFBC}") = "OnTimeForExam", "OnTimeForExam\OnTimeForExam.csproj", "{2A33CA51-C0AC-4599-B96E-901252FF5C7A}"
EndProject
Project("{FAE04EC0-301F-11D3-BF4B-00C04F79EFBC}") = "Histogram", "Histogram\Histogram.csproj", "{C2F1CA23-0884-4B41-8AB8-219CA59FB2B3}"
EndProject
Project("{FAE04EC0-301F-11D3-BF4B-00C04F79EFBC}") = "DrawFort", "DrawFort\DrawFort.csproj", "{F680D464-67F5-4A16-90B7-EFA9DAB743D3}"
EndProject
Global
	GlobalSection(SolutionConfigurationPlatforms) = preSolution
		Debug|Any CPU = Debug|Any CPU
		Release|Any CPU = Release|Any CPU
	EndGlobalSection
	GlobalSection(ProjectConfigurationPlatforms) = postSolution
		{9C5D70E1-0569-41E2-AE78-43BE366A08D1}.Debug|Any CPU.ActiveCfg = Debug|Any CPU
		{9C5D70E1-0569-41E2-AE78-43BE366A08D1}.Debug|Any CPU.Build.0 = Debug|Any CPU
		{9C5D70E1-0569-41E2-AE78-43BE366A08D1}.Release|Any CPU.ActiveCfg = Release|Any CPU
		{9C5D70E1-0569-41E2-AE78-43BE366A08D1}.Release|Any CPU.Build.0 = Release|Any CPU
		{D703C6B3-CFD7-4E0B-B3F3-CAFF1BD8A64D}.Debug|Any CPU.ActiveCfg = Debug|Any CPU
		{D703C6B3-CFD7-4E0B-B3F3-CAFF1BD8A64D}.Debug|Any CPU.Build.0 = Debug|Any CPU
		{D703C6B3-CFD7-4E0B-B3F3-CAFF1BD8A64D}.Release|Any CPU.ActiveCfg = Release|Any CPU
		{D703C6B3-CFD7-4E0B-B3F3-CAFF1BD8A64D}.Release|Any CPU.Build.0 = Release|Any CPU
		{D192163F-6971-47B2-9704-559129BA1933}.Debug|Any CPU.ActiveCfg = Debug|Any CPU
		{D192163F-6971-47B2-9704-559129BA1933}.Debug|Any CPU.Build.0 = Debug|Any CPU
		{D192163F-6971-47B2-9704-559129BA1933}.Release|Any CPU.ActiveCfg = Release|Any CPU
		{D192163F-6971-47B2-9704-559129BA1933}.Release|Any CPU.Build.0 = Release|Any CPU
		{43A2C9AC-2B5C-47EC-B445-0D5389C79436}.Debug|Any CPU.ActiveCfg = Debug|Any CPU
		{43A2C9AC-2B5C-47EC-B445-0D5389C79436}.Debug|Any CPU.Build.0 = Debug|Any CPU
		{43A2C9AC-2B5C-47EC-B445-0D5389C79436}.Release|Any CPU.ActiveCfg = Release|Any CPU
		{43A2C9AC-2B5C-47EC-B445-0D5389C79436}.Release|Any CPU.Build.0 = Release|Any CPU
		{D9A33012-DCDD-46EF-9805-93CA64DCEE1C}.Debug|Any CPU.ActiveCfg = Debug|Any CPU
		{D9A33012-DCDD-46EF-9805-93CA64DCEE1C}.Debug|Any CPU.Build.0 = Debug|Any CPU
		{D9A33012-DCDD-46EF-9805-93CA64DCEE1C}.Release|Any CPU.ActiveCfg = Release|Any CPU
		{D9A33012-DCDD-46EF-9805-93CA64DCEE1C}.Release|Any CPU.Build.0 = Release|Any CPU
		{A075AE0B-EF1F-481D-BF0E-AA7AEFC6C7B4}.Debug|Any CPU.ActiveCfg = Debug|Any CPU
		{A075AE0B-EF1F-481D-BF0E-AA7AEFC6C7B4}.Debug|Any CPU.Build.0 = Debug|Any CPU
		{A075AE0B-EF1F-481D-BF0E-AA7AEFC6C7B4}.Release|Any CPU.ActiveCfg = Release|Any CPU
		{A075AE0B-EF1F-481D-BF0E-AA7AEFC6C7B4}.Release|Any CPU.Build.0 = Release|Any CPU
		{4C9746A4-98DF-4DFC-A923-2AFFB9257EA0}.Debug|Any CPU.ActiveCfg = Debug|Any CPU
		{4C9746A4-98DF-4DFC-A923-2AFFB9257EA0}.Debug|Any CPU.Build.0 = Debug|Any CPU
		{4C9746A4-98DF-4DFC-A923-2AFFB9257EA0}.Release|Any CPU.ActiveCfg = Release|Any CPU
		{4C9746A4-98DF-4DFC-A923-2AFFB9257EA0}.Release|Any CPU.Build.0 = Release|Any CPU
		{A62B748C-16BE-4DD9-9FF3-13EEC8BCFF84}.Debug|Any CPU.ActiveCfg = Debug|Any CPU
		{A62B748C-16BE-4DD9-9FF3-13EEC8BCFF84}.Debug|Any CPU.Build.0 = Debug|Any CPU
		{A62B748C-16BE-4DD9-9FF3-13EEC8BCFF84}.Release|Any CPU.ActiveCfg = Release|Any CPU
		{A62B748C-16BE-4DD9-9FF3-13EEC8BCFF84}.Release|Any CPU.Build.0 = Release|Any CPU
		{B4343818-4534-478E-A0EA-5AD7EDC9BD2F}.Debug|Any CPU.ActiveCfg = Debug|Any CPU
		{B4343818-4534-478E-A0EA-5AD7EDC9BD2F}.Debug|Any CPU.Build.0 = Debug|Any CPU
		{B4343818-4534-478E-A0EA-5AD7EDC9BD2F}.Release|Any CPU.ActiveCfg = Release|Any CPU
		{B4343818-4534-478E-A0EA-5AD7EDC9BD2F}.Release|Any CPU.Build.0 = Release|Any CPU
		{7E43110E-FC1A-48F2-B6C0-B03329751BD9}.Debug|Any CPU.ActiveCfg = Debug|Any CPU
		{7E43110E-FC1A-48F2-B6C0-B03329751BD9}.Debug|Any CPU.Build.0 = Debug|Any CPU
		{7E43110E-FC1A-48F2-B6C0-B03329751BD9}.Release|Any CPU.ActiveCfg = Release|Any CPU
		{7E43110E-FC1A-48F2-B6C0-B03329751BD9}.Release|Any CPU.Build.0 = Release|Any CPU
		{027447A7-2E09-45A6-B17F-BF1E169B68BB}.Debug|Any CPU.ActiveCfg = Debug|Any CPU
		{027447A7-2E09-45A6-B17F-BF1E169B68BB}.Debug|Any CPU.Build.0 = Debug|Any CPU
		{027447A7-2E09-45A6-B17F-BF1E169B68BB}.Release|Any CPU.ActiveCfg = Release|Any CPU
		{027447A7-2E09-45A6-B17F-BF1E169B68BB}.Release|Any CPU.Build.0 = Release|Any CPU
		{FF58405F-B760-441C-886C-E605DC34BC5E}.Debug|Any CPU.ActiveCfg = Debug|Any CPU
		{FF58405F-B760-441C-886C-E605DC34BC5E}.Debug|Any CPU.Build.0 = Debug|Any CPU
		{FF58405F-B760-441C-886C-E605DC34BC5E}.Release|Any CPU.ActiveCfg = Release|Any CPU
		{FF58405F-B760-441C-886C-E605DC34BC5E}.Release|Any CPU.Build.0 = Release|Any CPU
		{3649B315-B133-4242-86B3-B5EBEA9DFA66}.Debug|Any CPU.ActiveCfg = Debug|Any CPU
		{3649B315-B133-4242-86B3-B5EBEA9DFA66}.Debug|Any CPU.Build.0 = Debug|Any CPU
		{3649B315-B133-4242-86B3-B5EBEA9DFA66}.Release|Any CPU.ActiveCfg = Release|Any CPU
		{3649B315-B133-4242-86B3-B5EBEA9DFA66}.Release|Any CPU.Build.0 = Release|Any CPU
		{33C7D171-2A55-45EA-95C8-A005D0EEAADF}.Debug|Any CPU.ActiveCfg = Debug|Any CPU
		{33C7D171-2A55-45EA-95C8-A005D0EEAADF}.Debug|Any CPU.Build.0 = Debug|Any CPU
		{33C7D171-2A55-45EA-95C8-A005D0EEAADF}.Release|Any CPU.ActiveCfg = Release|Any CPU
		{33C7D171-2A55-45EA-95C8-A005D0EEAADF}.Release|Any CPU.Build.0 = Release|Any CPU
		{163F54E6-7290-448E-AED5-BDD8F474DB82}.Debug|Any CPU.ActiveCfg = Debug|Any CPU
		{163F54E6-7290-448E-AED5-BDD8F474DB82}.Debug|Any CPU.Build.0 = Debug|Any CPU
		{163F54E6-7290-448E-AED5-BDD8F474DB82}.Release|Any CPU.ActiveCfg = Release|Any CPU
		{163F54E6-7290-448E-AED5-BDD8F474DB82}.Release|Any CPU.Build.0 = Release|Any CPU
		{0F78438B-956C-470F-B405-3F2BDABEEE96}.Debug|Any CPU.ActiveCfg = Debug|Any CPU
		{0F78438B-956C-470F-B405-3F2BDABEEE96}.Debug|Any CPU.Build.0 = Debug|Any CPU
		{0F78438B-956C-470F-B405-3F2BDABEEE96}.Release|Any CPU.ActiveCfg = Release|Any CPU
		{0F78438B-956C-470F-B405-3F2BDABEEE96}.Release|Any CPU.Build.0 = Release|Any CPU
		{8DAFF3F6-6004-4EFC-ABE7-F68D433C72FA}.Debug|Any CPU.ActiveCfg = Debug|Any CPU
		{8DAFF3F6-6004-4EFC-ABE7-F68D433C72FA}.Debug|Any CPU.Build.0 = Debug|Any CPU
		{8DAFF3F6-6004-4EFC-ABE7-F68D433C72FA}.Release|Any CPU.ActiveCfg = Release|Any CPU
		{8DAFF3F6-6004-4EFC-ABE7-F68D433C72FA}.Release|Any CPU.Build.0 = Release|Any CPU
		{0786AD19-140C-419B-9F64-957DBEFCDA50}.Debug|Any CPU.ActiveCfg = Debug|Any CPU
		{0786AD19-140C-419B-9F64-957DBEFCDA50}.Debug|Any CPU.Build.0 = Debug|Any CPU
		{0786AD19-140C-419B-9F64-957DBEFCDA50}.Release|Any CPU.ActiveCfg = Release|Any CPU
		{0786AD19-140C-419B-9F64-957DBEFCDA50}.Release|Any CPU.Build.0 = Release|Any CPU
		{22491090-FA5A-4601-9A8B-C4964609462D}.Debug|Any CPU.ActiveCfg = Debug|Any CPU
		{22491090-FA5A-4601-9A8B-C4964609462D}.Debug|Any CPU.Build.0 = Debug|Any CPU
		{22491090-FA5A-4601-9A8B-C4964609462D}.Release|Any CPU.ActiveCfg = Release|Any CPU
		{22491090-FA5A-4601-9A8B-C4964609462D}.Release|Any CPU.Build.0 = Release|Any CPU
		{7DA006A2-C7C0-42F7-8E8E-3FBCB974E1C9}.Debug|Any CPU.ActiveCfg = Debug|Any CPU
		{7DA006A2-C7C0-42F7-8E8E-3FBCB974E1C9}.Debug|Any CPU.Build.0 = Debug|Any CPU
		{7DA006A2-C7C0-42F7-8E8E-3FBCB974E1C9}.Release|Any CPU.ActiveCfg = Release|Any CPU
		{7DA006A2-C7C0-42F7-8E8E-3FBCB974E1C9}.Release|Any CPU.Build.0 = Release|Any CPU
		{E9771776-402C-4068-A53B-97DDD40CED9E}.Debug|Any CPU.ActiveCfg = Debug|Any CPU
		{E9771776-402C-4068-A53B-97DDD40CED9E}.Debug|Any CPU.Build.0 = Debug|Any CPU
		{E9771776-402C-4068-A53B-97DDD40CED9E}.Release|Any CPU.ActiveCfg = Release|Any CPU
		{E9771776-402C-4068-A53B-97DDD40CED9E}.Release|Any CPU.Build.0 = Release|Any CPU
		{F3C8246C-0E91-436F-83FE-EB846209D0BA}.Debug|Any CPU.ActiveCfg = Debug|Any CPU
		{F3C8246C-0E91-436F-83FE-EB846209D0BA}.Debug|Any CPU.Build.0 = Debug|Any CPU
		{F3C8246C-0E91-436F-83FE-EB846209D0BA}.Release|Any CPU.ActiveCfg = Release|Any CPU
		{F3C8246C-0E91-436F-83FE-EB846209D0BA}.Release|Any CPU.Build.0 = Release|Any CPU
		{D64A04F7-56FD-4BB2-9D2A-907D8E9F1890}.Debug|Any CPU.ActiveCfg = Debug|Any CPU
		{D64A04F7-56FD-4BB2-9D2A-907D8E9F1890}.Debug|Any CPU.Build.0 = Debug|Any CPU
		{D64A04F7-56FD-4BB2-9D2A-907D8E9F1890}.Release|Any CPU.ActiveCfg = Release|Any CPU
		{D64A04F7-56FD-4BB2-9D2A-907D8E9F1890}.Release|Any CPU.Build.0 = Release|Any CPU
		{E1F95DAD-7A29-48EB-8F97-FF217654256E}.Debug|Any CPU.ActiveCfg = Debug|Any CPU
		{E1F95DAD-7A29-48EB-8F97-FF217654256E}.Debug|Any CPU.Build.0 = Debug|Any CPU
		{E1F95DAD-7A29-48EB-8F97-FF217654256E}.Release|Any CPU.ActiveCfg = Release|Any CPU
		{E1F95DAD-7A29-48EB-8F97-FF217654256E}.Release|Any CPU.Build.0 = Release|Any CPU
		{17041B38-2AFE-4E7E-BF63-9E955B0EB6BF}.Debug|Any CPU.ActiveCfg = Debug|Any CPU
		{17041B38-2AFE-4E7E-BF63-9E955B0EB6BF}.Debug|Any CPU.Build.0 = Debug|Any CPU
		{17041B38-2AFE-4E7E-BF63-9E955B0EB6BF}.Release|Any CPU.ActiveCfg = Release|Any CPU
		{17041B38-2AFE-4E7E-BF63-9E955B0EB6BF}.Release|Any CPU.Build.0 = Release|Any CPU
		{6000B2E6-BBF2-44A2-92E2-A2C9A71EBDF6}.Debug|Any CPU.ActiveCfg = Debug|Any CPU
		{6000B2E6-BBF2-44A2-92E2-A2C9A71EBDF6}.Debug|Any CPU.Build.0 = Debug|Any CPU
		{6000B2E6-BBF2-44A2-92E2-A2C9A71EBDF6}.Release|Any CPU.ActiveCfg = Release|Any CPU
		{6000B2E6-BBF2-44A2-92E2-A2C9A71EBDF6}.Release|Any CPU.Build.0 = Release|Any CPU
		{E00BE2D1-37E4-47E9-8270-9B2C2B74E3CA}.Debug|Any CPU.ActiveCfg = Debug|Any CPU
		{E00BE2D1-37E4-47E9-8270-9B2C2B74E3CA}.Debug|Any CPU.Build.0 = Debug|Any CPU
		{E00BE2D1-37E4-47E9-8270-9B2C2B74E3CA}.Release|Any CPU.ActiveCfg = Release|Any CPU
		{E00BE2D1-37E4-47E9-8270-9B2C2B74E3CA}.Release|Any CPU.Build.0 = Release|Any CPU
		{767D9EC9-5981-4E39-8385-047D3400F125}.Debug|Any CPU.ActiveCfg = Debug|Any CPU
		{767D9EC9-5981-4E39-8385-047D3400F125}.Debug|Any CPU.Build.0 = Debug|Any CPU
		{767D9EC9-5981-4E39-8385-047D3400F125}.Release|Any CPU.ActiveCfg = Release|Any CPU
		{767D9EC9-5981-4E39-8385-047D3400F125}.Release|Any CPU.Build.0 = Release|Any CPU
		{DA917412-D8FC-44C9-BC68-764BD97D84BD}.Debug|Any CPU.ActiveCfg = Debug|Any CPU
		{DA917412-D8FC-44C9-BC68-764BD97D84BD}.Debug|Any CPU.Build.0 = Debug|Any CPU
		{DA917412-D8FC-44C9-BC68-764BD97D84BD}.Release|Any CPU.ActiveCfg = Release|Any CPU
		{DA917412-D8FC-44C9-BC68-764BD97D84BD}.Release|Any CPU.Build.0 = Release|Any CPU
		{80612274-763C-43A5-B079-2777957EAC9D}.Debug|Any CPU.ActiveCfg = Debug|Any CPU
		{80612274-763C-43A5-B079-2777957EAC9D}.Debug|Any CPU.Build.0 = Debug|Any CPU
		{80612274-763C-43A5-B079-2777957EAC9D}.Release|Any CPU.ActiveCfg = Release|Any CPU
		{80612274-763C-43A5-B079-2777957EAC9D}.Release|Any CPU.Build.0 = Release|Any CPU
		{2F8D3092-0F1A-447A-9DAF-76C8E8AB6E9A}.Debug|Any CPU.ActiveCfg = Debug|Any CPU
		{2F8D3092-0F1A-447A-9DAF-76C8E8AB6E9A}.Debug|Any CPU.Build.0 = Debug|Any CPU
		{2F8D3092-0F1A-447A-9DAF-76C8E8AB6E9A}.Release|Any CPU.ActiveCfg = Release|Any CPU
		{2F8D3092-0F1A-447A-9DAF-76C8E8AB6E9A}.Release|Any CPU.Build.0 = Release|Any CPU
		{A69C8AF1-53F0-40C8-8C41-C376841315D0}.Debug|Any CPU.ActiveCfg = Debug|Any CPU
		{A69C8AF1-53F0-40C8-8C41-C376841315D0}.Debug|Any CPU.Build.0 = Debug|Any CPU
		{A69C8AF1-53F0-40C8-8C41-C376841315D0}.Release|Any CPU.ActiveCfg = Release|Any CPU
		{A69C8AF1-53F0-40C8-8C41-C376841315D0}.Release|Any CPU.Build.0 = Release|Any CPU
		{156891F7-7D89-4B98-A8E4-9B96B6A6E5C8}.Debug|Any CPU.ActiveCfg = Debug|Any CPU
		{156891F7-7D89-4B98-A8E4-9B96B6A6E5C8}.Debug|Any CPU.Build.0 = Debug|Any CPU
		{156891F7-7D89-4B98-A8E4-9B96B6A6E5C8}.Release|Any CPU.ActiveCfg = Release|Any CPU
		{156891F7-7D89-4B98-A8E4-9B96B6A6E5C8}.Release|Any CPU.Build.0 = Release|Any CPU
		{5DB9C3DE-B9FE-4621-BA2E-B918403EA5F3}.Debug|Any CPU.ActiveCfg = Debug|Any CPU
		{5DB9C3DE-B9FE-4621-BA2E-B918403EA5F3}.Debug|Any CPU.Build.0 = Debug|Any CPU
		{5DB9C3DE-B9FE-4621-BA2E-B918403EA5F3}.Release|Any CPU.ActiveCfg = Release|Any CPU
		{5DB9C3DE-B9FE-4621-BA2E-B918403EA5F3}.Release|Any CPU.Build.0 = Release|Any CPU
		{319837C3-70E1-43E8-B07E-16E19F8C451D}.Debug|Any CPU.ActiveCfg = Debug|Any CPU
		{319837C3-70E1-43E8-B07E-16E19F8C451D}.Debug|Any CPU.Build.0 = Debug|Any CPU
		{319837C3-70E1-43E8-B07E-16E19F8C451D}.Release|Any CPU.ActiveCfg = Release|Any CPU
		{319837C3-70E1-43E8-B07E-16E19F8C451D}.Release|Any CPU.Build.0 = Release|Any CPU
		{127C4962-C0A6-4E09-B84F-0182C25D44C9}.Debug|Any CPU.ActiveCfg = Debug|Any CPU
		{127C4962-C0A6-4E09-B84F-0182C25D44C9}.Debug|Any CPU.Build.0 = Debug|Any CPU
		{127C4962-C0A6-4E09-B84F-0182C25D44C9}.Release|Any CPU.ActiveCfg = Release|Any CPU
		{127C4962-C0A6-4E09-B84F-0182C25D44C9}.Release|Any CPU.Build.0 = Release|Any CPU
		{C755D280-48C9-4786-B8EA-7CD9E5C2115D}.Debug|Any CPU.ActiveCfg = Debug|Any CPU
		{C755D280-48C9-4786-B8EA-7CD9E5C2115D}.Debug|Any CPU.Build.0 = Debug|Any CPU
		{C755D280-48C9-4786-B8EA-7CD9E5C2115D}.Release|Any CPU.ActiveCfg = Release|Any CPU
		{C755D280-48C9-4786-B8EA-7CD9E5C2115D}.Release|Any CPU.Build.0 = Release|Any CPU
		{6EBAF822-1462-4767-B0EB-B51013558DC1}.Debug|Any CPU.ActiveCfg = Debug|Any CPU
		{6EBAF822-1462-4767-B0EB-B51013558DC1}.Debug|Any CPU.Build.0 = Debug|Any CPU
		{6EBAF822-1462-4767-B0EB-B51013558DC1}.Release|Any CPU.ActiveCfg = Release|Any CPU
		{6EBAF822-1462-4767-B0EB-B51013558DC1}.Release|Any CPU.Build.0 = Release|Any CPU
		{FA29C723-E0F4-41DE-A84B-060034DB77C6}.Debug|Any CPU.ActiveCfg = Debug|Any CPU
		{FA29C723-E0F4-41DE-A84B-060034DB77C6}.Debug|Any CPU.Build.0 = Debug|Any CPU
		{FA29C723-E0F4-41DE-A84B-060034DB77C6}.Release|Any CPU.ActiveCfg = Release|Any CPU
		{FA29C723-E0F4-41DE-A84B-060034DB77C6}.Release|Any CPU.Build.0 = Release|Any CPU
		{2695D8CC-BBA2-4DA4-BB0F-4120C04C3FC8}.Debug|Any CPU.ActiveCfg = Debug|Any CPU
		{2695D8CC-BBA2-4DA4-BB0F-4120C04C3FC8}.Debug|Any CPU.Build.0 = Debug|Any CPU
		{2695D8CC-BBA2-4DA4-BB0F-4120C04C3FC8}.Release|Any CPU.ActiveCfg = Release|Any CPU
		{2695D8CC-BBA2-4DA4-BB0F-4120C04C3FC8}.Release|Any CPU.Build.0 = Release|Any CPU
		{D5FF4D63-D473-46DF-BE81-157B7B8542D2}.Debug|Any CPU.ActiveCfg = Debug|Any CPU
		{D5FF4D63-D473-46DF-BE81-157B7B8542D2}.Debug|Any CPU.Build.0 = Debug|Any CPU
		{D5FF4D63-D473-46DF-BE81-157B7B8542D2}.Release|Any CPU.ActiveCfg = Release|Any CPU
		{D5FF4D63-D473-46DF-BE81-157B7B8542D2}.Release|Any CPU.Build.0 = Release|Any CPU
		{D87E2823-E18A-4271-B1C2-59563721907A}.Debug|Any CPU.ActiveCfg = Debug|Any CPU
		{D87E2823-E18A-4271-B1C2-59563721907A}.Debug|Any CPU.Build.0 = Debug|Any CPU
		{D87E2823-E18A-4271-B1C2-59563721907A}.Release|Any CPU.ActiveCfg = Release|Any CPU
		{D87E2823-E18A-4271-B1C2-59563721907A}.Release|Any CPU.Build.0 = Release|Any CPU
		{E9698F44-8F91-4A97-A2C3-F71321A5F72D}.Debug|Any CPU.ActiveCfg = Debug|Any CPU
		{E9698F44-8F91-4A97-A2C3-F71321A5F72D}.Debug|Any CPU.Build.0 = Debug|Any CPU
		{E9698F44-8F91-4A97-A2C3-F71321A5F72D}.Release|Any CPU.ActiveCfg = Release|Any CPU
		{E9698F44-8F91-4A97-A2C3-F71321A5F72D}.Release|Any CPU.Build.0 = Release|Any CPU
		{EA311E4F-B47A-447C-9FD0-6A8194BEBCE6}.Debug|Any CPU.ActiveCfg = Debug|Any CPU
		{EA311E4F-B47A-447C-9FD0-6A8194BEBCE6}.Debug|Any CPU.Build.0 = Debug|Any CPU
		{EA311E4F-B47A-447C-9FD0-6A8194BEBCE6}.Release|Any CPU.ActiveCfg = Release|Any CPU
		{EA311E4F-B47A-447C-9FD0-6A8194BEBCE6}.Release|Any CPU.Build.0 = Release|Any CPU
		{70F49699-8963-406B-9855-5D39797F15F2}.Debug|Any CPU.ActiveCfg = Debug|Any CPU
		{70F49699-8963-406B-9855-5D39797F15F2}.Debug|Any CPU.Build.0 = Debug|Any CPU
		{70F49699-8963-406B-9855-5D39797F15F2}.Release|Any CPU.ActiveCfg = Release|Any CPU
		{70F49699-8963-406B-9855-5D39797F15F2}.Release|Any CPU.Build.0 = Release|Any CPU
		{5120F8BF-233B-47E4-8ABD-6496A8127B2F}.Debug|Any CPU.ActiveCfg = Debug|Any CPU
		{5120F8BF-233B-47E4-8ABD-6496A8127B2F}.Debug|Any CPU.Build.0 = Debug|Any CPU
		{5120F8BF-233B-47E4-8ABD-6496A8127B2F}.Release|Any CPU.ActiveCfg = Release|Any CPU
		{5120F8BF-233B-47E4-8ABD-6496A8127B2F}.Release|Any CPU.Build.0 = Release|Any CPU
		{9937AF1D-8A12-4462-9FD3-403C73A4015F}.Debug|Any CPU.ActiveCfg = Debug|Any CPU
		{9937AF1D-8A12-4462-9FD3-403C73A4015F}.Debug|Any CPU.Build.0 = Debug|Any CPU
		{9937AF1D-8A12-4462-9FD3-403C73A4015F}.Release|Any CPU.ActiveCfg = Release|Any CPU
		{9937AF1D-8A12-4462-9FD3-403C73A4015F}.Release|Any CPU.Build.0 = Release|Any CPU
		{21EC7B8D-CFD2-4E58-AA50-43D88C42712A}.Debug|Any CPU.ActiveCfg = Debug|Any CPU
		{21EC7B8D-CFD2-4E58-AA50-43D88C42712A}.Debug|Any CPU.Build.0 = Debug|Any CPU
		{21EC7B8D-CFD2-4E58-AA50-43D88C42712A}.Release|Any CPU.ActiveCfg = Release|Any CPU
		{21EC7B8D-CFD2-4E58-AA50-43D88C42712A}.Release|Any CPU.Build.0 = Release|Any CPU
		{B4281045-5708-4A82-975D-EAB2AC890D0E}.Debug|Any CPU.ActiveCfg = Debug|Any CPU
		{B4281045-5708-4A82-975D-EAB2AC890D0E}.Debug|Any CPU.Build.0 = Debug|Any CPU
		{B4281045-5708-4A82-975D-EAB2AC890D0E}.Release|Any CPU.ActiveCfg = Release|Any CPU
		{B4281045-5708-4A82-975D-EAB2AC890D0E}.Release|Any CPU.Build.0 = Release|Any CPU
		{18B8D3EB-80E5-4365-BCEB-E41569E7ED8F}.Debug|Any CPU.ActiveCfg = Debug|Any CPU
		{18B8D3EB-80E5-4365-BCEB-E41569E7ED8F}.Debug|Any CPU.Build.0 = Debug|Any CPU
		{18B8D3EB-80E5-4365-BCEB-E41569E7ED8F}.Release|Any CPU.ActiveCfg = Release|Any CPU
		{18B8D3EB-80E5-4365-BCEB-E41569E7ED8F}.Release|Any CPU.Build.0 = Release|Any CPU
		{A392393C-84A4-45E8-B55C-5EBE4095C4AE}.Debug|Any CPU.ActiveCfg = Debug|Any CPU
		{A392393C-84A4-45E8-B55C-5EBE4095C4AE}.Debug|Any CPU.Build.0 = Debug|Any CPU
		{A392393C-84A4-45E8-B55C-5EBE4095C4AE}.Release|Any CPU.ActiveCfg = Release|Any CPU
		{A392393C-84A4-45E8-B55C-5EBE4095C4AE}.Release|Any CPU.Build.0 = Release|Any CPU
		{860BCBED-81AF-425E-8918-46C2364985F9}.Debug|Any CPU.ActiveCfg = Debug|Any CPU
		{860BCBED-81AF-425E-8918-46C2364985F9}.Debug|Any CPU.Build.0 = Debug|Any CPU
		{860BCBED-81AF-425E-8918-46C2364985F9}.Release|Any CPU.ActiveCfg = Release|Any CPU
		{860BCBED-81AF-425E-8918-46C2364985F9}.Release|Any CPU.Build.0 = Release|Any CPU
		{0500EAE0-93B8-48A7-8DEF-01F4C0CBB017}.Debug|Any CPU.ActiveCfg = Debug|Any CPU
		{0500EAE0-93B8-48A7-8DEF-01F4C0CBB017}.Debug|Any CPU.Build.0 = Debug|Any CPU
		{0500EAE0-93B8-48A7-8DEF-01F4C0CBB017}.Release|Any CPU.ActiveCfg = Release|Any CPU
		{0500EAE0-93B8-48A7-8DEF-01F4C0CBB017}.Release|Any CPU.Build.0 = Release|Any CPU
		{E789A543-69D8-44A3-99E0-2D8D9727DA25}.Debug|Any CPU.ActiveCfg = Debug|Any CPU
		{E789A543-69D8-44A3-99E0-2D8D9727DA25}.Debug|Any CPU.Build.0 = Debug|Any CPU
		{E789A543-69D8-44A3-99E0-2D8D9727DA25}.Release|Any CPU.ActiveCfg = Release|Any CPU
		{E789A543-69D8-44A3-99E0-2D8D9727DA25}.Release|Any CPU.Build.0 = Release|Any CPU
		{23664BD1-98A4-4D87-A3E5-7834CBAB03DC}.Debug|Any CPU.ActiveCfg = Debug|Any CPU
		{23664BD1-98A4-4D87-A3E5-7834CBAB03DC}.Debug|Any CPU.Build.0 = Debug|Any CPU
		{23664BD1-98A4-4D87-A3E5-7834CBAB03DC}.Release|Any CPU.ActiveCfg = Release|Any CPU
		{23664BD1-98A4-4D87-A3E5-7834CBAB03DC}.Release|Any CPU.Build.0 = Release|Any CPU
		{F072DCB3-0AC3-47F2-BCE6-3633824847F4}.Debug|Any CPU.ActiveCfg = Debug|Any CPU
		{F072DCB3-0AC3-47F2-BCE6-3633824847F4}.Debug|Any CPU.Build.0 = Debug|Any CPU
		{F072DCB3-0AC3-47F2-BCE6-3633824847F4}.Release|Any CPU.ActiveCfg = Release|Any CPU
		{F072DCB3-0AC3-47F2-BCE6-3633824847F4}.Release|Any CPU.Build.0 = Release|Any CPU
		{0B322182-9F5B-4338-A61C-F27790E93FEF}.Debug|Any CPU.ActiveCfg = Debug|Any CPU
		{0B322182-9F5B-4338-A61C-F27790E93FEF}.Debug|Any CPU.Build.0 = Debug|Any CPU
		{0B322182-9F5B-4338-A61C-F27790E93FEF}.Release|Any CPU.ActiveCfg = Release|Any CPU
		{0B322182-9F5B-4338-A61C-F27790E93FEF}.Release|Any CPU.Build.0 = Release|Any CPU
		{F011E50A-3D8D-49B1-B767-CEADC7275F36}.Debug|Any CPU.ActiveCfg = Debug|Any CPU
		{F011E50A-3D8D-49B1-B767-CEADC7275F36}.Debug|Any CPU.Build.0 = Debug|Any CPU
		{F011E50A-3D8D-49B1-B767-CEADC7275F36}.Release|Any CPU.ActiveCfg = Release|Any CPU
		{F011E50A-3D8D-49B1-B767-CEADC7275F36}.Release|Any CPU.Build.0 = Release|Any CPU
		{DF0817B5-2FD0-4EC0-8FC4-46DD76A968BB}.Debug|Any CPU.ActiveCfg = Debug|Any CPU
		{DF0817B5-2FD0-4EC0-8FC4-46DD76A968BB}.Debug|Any CPU.Build.0 = Debug|Any CPU
		{DF0817B5-2FD0-4EC0-8FC4-46DD76A968BB}.Release|Any CPU.ActiveCfg = Release|Any CPU
		{DF0817B5-2FD0-4EC0-8FC4-46DD76A968BB}.Release|Any CPU.Build.0 = Release|Any CPU
		{15A0CA41-C9B3-4192-88D8-D5D81D572E49}.Debug|Any CPU.ActiveCfg = Debug|Any CPU
		{15A0CA41-C9B3-4192-88D8-D5D81D572E49}.Debug|Any CPU.Build.0 = Debug|Any CPU
		{15A0CA41-C9B3-4192-88D8-D5D81D572E49}.Release|Any CPU.ActiveCfg = Release|Any CPU
		{15A0CA41-C9B3-4192-88D8-D5D81D572E49}.Release|Any CPU.Build.0 = Release|Any CPU
		{E31B1B01-4282-46C2-972E-32DE1AEFDA8F}.Debug|Any CPU.ActiveCfg = Debug|Any CPU
		{E31B1B01-4282-46C2-972E-32DE1AEFDA8F}.Debug|Any CPU.Build.0 = Debug|Any CPU
		{E31B1B01-4282-46C2-972E-32DE1AEFDA8F}.Release|Any CPU.ActiveCfg = Release|Any CPU
		{E31B1B01-4282-46C2-972E-32DE1AEFDA8F}.Release|Any CPU.Build.0 = Release|Any CPU
		{8FA8955D-E966-48F5-9710-0ADD8D789D1E}.Debug|Any CPU.ActiveCfg = Debug|Any CPU
		{8FA8955D-E966-48F5-9710-0ADD8D789D1E}.Debug|Any CPU.Build.0 = Debug|Any CPU
		{8FA8955D-E966-48F5-9710-0ADD8D789D1E}.Release|Any CPU.ActiveCfg = Release|Any CPU
		{8FA8955D-E966-48F5-9710-0ADD8D789D1E}.Release|Any CPU.Build.0 = Release|Any CPU
		{23A65BFB-80DC-487E-91EA-9C0BFA0A1129}.Debug|Any CPU.ActiveCfg = Debug|Any CPU
		{23A65BFB-80DC-487E-91EA-9C0BFA0A1129}.Debug|Any CPU.Build.0 = Debug|Any CPU
		{23A65BFB-80DC-487E-91EA-9C0BFA0A1129}.Release|Any CPU.ActiveCfg = Release|Any CPU
		{23A65BFB-80DC-487E-91EA-9C0BFA0A1129}.Release|Any CPU.Build.0 = Release|Any CPU
		{101F5133-F3F8-4F2C-A2EB-E02B2336798E}.Debug|Any CPU.ActiveCfg = Debug|Any CPU
		{101F5133-F3F8-4F2C-A2EB-E02B2336798E}.Debug|Any CPU.Build.0 = Debug|Any CPU
		{101F5133-F3F8-4F2C-A2EB-E02B2336798E}.Release|Any CPU.ActiveCfg = Release|Any CPU
		{101F5133-F3F8-4F2C-A2EB-E02B2336798E}.Release|Any CPU.Build.0 = Release|Any CPU
		{03C1E862-CA1A-418E-99E3-DD9C35A096C9}.Debug|Any CPU.ActiveCfg = Debug|Any CPU
		{03C1E862-CA1A-418E-99E3-DD9C35A096C9}.Debug|Any CPU.Build.0 = Debug|Any CPU
		{03C1E862-CA1A-418E-99E3-DD9C35A096C9}.Release|Any CPU.ActiveCfg = Release|Any CPU
		{03C1E862-CA1A-418E-99E3-DD9C35A096C9}.Release|Any CPU.Build.0 = Release|Any CPU
		{6E5C83EB-DDA0-4B70-A635-710CD7A1CEC5}.Debug|Any CPU.ActiveCfg = Debug|Any CPU
		{6E5C83EB-DDA0-4B70-A635-710CD7A1CEC5}.Debug|Any CPU.Build.0 = Debug|Any CPU
		{6E5C83EB-DDA0-4B70-A635-710CD7A1CEC5}.Release|Any CPU.ActiveCfg = Release|Any CPU
		{6E5C83EB-DDA0-4B70-A635-710CD7A1CEC5}.Release|Any CPU.Build.0 = Release|Any CPU
		{E164AE97-17A5-402D-9B96-8DB2605AEF92}.Debug|Any CPU.ActiveCfg = Debug|Any CPU
		{E164AE97-17A5-402D-9B96-8DB2605AEF92}.Debug|Any CPU.Build.0 = Debug|Any CPU
		{E164AE97-17A5-402D-9B96-8DB2605AEF92}.Release|Any CPU.ActiveCfg = Release|Any CPU
		{E164AE97-17A5-402D-9B96-8DB2605AEF92}.Release|Any CPU.Build.0 = Release|Any CPU
		{E678886D-6595-494E-A64B-CE1DB1691A54}.Debug|Any CPU.ActiveCfg = Debug|Any CPU
		{E678886D-6595-494E-A64B-CE1DB1691A54}.Debug|Any CPU.Build.0 = Debug|Any CPU
		{E678886D-6595-494E-A64B-CE1DB1691A54}.Release|Any CPU.ActiveCfg = Release|Any CPU
		{E678886D-6595-494E-A64B-CE1DB1691A54}.Release|Any CPU.Build.0 = Release|Any CPU
		{29816853-0099-457E-867E-2F1290130D2C}.Debug|Any CPU.ActiveCfg = Debug|Any CPU
		{29816853-0099-457E-867E-2F1290130D2C}.Debug|Any CPU.Build.0 = Debug|Any CPU
		{29816853-0099-457E-867E-2F1290130D2C}.Release|Any CPU.ActiveCfg = Release|Any CPU
		{29816853-0099-457E-867E-2F1290130D2C}.Release|Any CPU.Build.0 = Release|Any CPU
		{2A33CA51-C0AC-4599-B96E-901252FF5C7A}.Debug|Any CPU.ActiveCfg = Debug|Any CPU
		{2A33CA51-C0AC-4599-B96E-901252FF5C7A}.Debug|Any CPU.Build.0 = Debug|Any CPU
		{2A33CA51-C0AC-4599-B96E-901252FF5C7A}.Release|Any CPU.ActiveCfg = Release|Any CPU
		{2A33CA51-C0AC-4599-B96E-901252FF5C7A}.Release|Any CPU.Build.0 = Release|Any CPU
		{C2F1CA23-0884-4B41-8AB8-219CA59FB2B3}.Debug|Any CPU.ActiveCfg = Debug|Any CPU
		{C2F1CA23-0884-4B41-8AB8-219CA59FB2B3}.Debug|Any CPU.Build.0 = Debug|Any CPU
		{C2F1CA23-0884-4B41-8AB8-219CA59FB2B3}.Release|Any CPU.ActiveCfg = Release|Any CPU
		{C2F1CA23-0884-4B41-8AB8-219CA59FB2B3}.Release|Any CPU.Build.0 = Release|Any CPU
		{F680D464-67F5-4A16-90B7-EFA9DAB743D3}.Debug|Any CPU.ActiveCfg = Debug|Any CPU
		{F680D464-67F5-4A16-90B7-EFA9DAB743D3}.Debug|Any CPU.Build.0 = Debug|Any CPU
		{F680D464-67F5-4A16-90B7-EFA9DAB743D3}.Release|Any CPU.ActiveCfg = Release|Any CPU
		{F680D464-67F5-4A16-90B7-EFA9DAB743D3}.Release|Any CPU.Build.0 = Release|Any CPU
	EndGlobalSection
	GlobalSection(SolutionProperties) = preSolution
		HideSolutionNode = FALSE
	EndGlobalSection
EndGlobal
